
Microsoft Visual Studio Solution File, Format Version 12.00
# Visual Studio 2015
Project("{FAE04EC0-301F-11D3-BF4B-00C04F79EFBC}") = "ControlsExample.CSharp.Plugins", "ControlsExample.CSharp.Plugins.csproj", "{2E3A722E-6C3C-94C9-0022-9F924C59E4C7}"
EndProject
Project("{FAE04EC0-301F-11D3-BF4B-00C04F79EFBC}") = "ControlsExample.CSharp", "ControlsExample.CSharp.csproj", "{C0CB6EF6-3294-C071-430F-D1BE4C0EC495}"
EndProject
Project("{FAE04EC0-301F-11D3-BF4B-00C04F79EFBC}") = "ControlsExample.CSharp.Editor", "ControlsExample.CSharp.Editor.csproj", "{35C85120-D98B-C4C8-5934-E3178545F0AB}"
EndProject
Global
	GlobalSection(SolutionConfigurationPlatforms) = preSolution
		Debug|Any CPU = Debug|Any CPU
		Release|Any CPU = Release|Any CPU
	EndGlobalSection
	GlobalSection(ProjectConfigurationPlatforms) = postSolution
		{2E3A722E-6C3C-94C9-0022-9F924C59E4C7}.Debug|Any CPU.ActiveCfg = Debug|Any CPU
		{2E3A722E-6C3C-94C9-0022-9F924C59E4C7}.Debug|Any CPU.Build.0 = Debug|Any CPU
		{2E3A722E-6C3C-94C9-0022-9F924C59E4C7}.Release|Any CPU.ActiveCfg = Release|Any CPU
		{2E3A722E-6C3C-94C9-0022-9F924C59E4C7}.Release|Any CPU.Build.0 = Release|Any CPU
		{C0CB6EF6-3294-C071-430F-D1BE4C0EC495}.Debug|Any CPU.ActiveCfg = Debug|Any CPU
		{C0CB6EF6-3294-C071-430F-D1BE4C0EC495}.Debug|Any CPU.Build.0 = Debug|Any CPU
		{C0CB6EF6-3294-C071-430F-D1BE4C0EC495}.Release|Any CPU.ActiveCfg = Release|Any CPU
		{C0CB6EF6-3294-C071-430F-D1BE4C0EC495}.Release|Any CPU.Build.0 = Release|Any CPU
		{35C85120-D98B-C4C8-5934-E3178545F0AB}.Debug|Any CPU.ActiveCfg = Debug|Any CPU
		{35C85120-D98B-C4C8-5934-E3178545F0AB}.Debug|Any CPU.Build.0 = Debug|Any CPU
		{35C85120-D98B-C4C8-5934-E3178545F0AB}.Release|Any CPU.ActiveCfg = Release|Any CPU
		{35C85120-D98B-C4C8-5934-E3178545F0AB}.Release|Any CPU.Build.0 = Release|Any CPU
	EndGlobalSection
	GlobalSection(SolutionProperties) = preSolution
		HideSolutionNode = FALSE
	EndGlobalSection
EndGlobal
